# This file was autogenerated by Stack.
# You should not edit this file by hand.
# For more information, please see the documentation at:
#   https://docs.haskellstack.org/en/stable/lock_files

packages:
- completed:
    hackage: monad-batcher-0.0.0.0@sha256:2a2554f8b8aaf0c153f4b8893a2217108b17b73c007854b9a8f13655fd8489d4,848
    pantry-tree:
      size: 276
      sha256: 370540911d5377b2e12bba81cab2f4b7d4af60a6c35a3246cd5b3827722e93fe
  original:
    hackage: monad-batcher-0.0.0.0
snapshots:
- completed:
    size: 532381
    url: https://raw.githubusercontent.com/commercialhaskell/stackage-snapshots/master/lts/16/13.yaml
    sha256: 6ee17f7996e5bc75ae4406250841f1362ad4196418a4d90a0615ff4f26ac98df
  original: lts-16.13
